lockfileVersion: '6.0'

dependencies:
  '@radix-ui/react-progress':
    specifier: 1.0.3
    version: 1.0.3(react-dom@18.2.0)(react@18.2.0)

packages:

  /@babel/runtime@7.22.6:
    resolution: {integrity: sha512-wDb5pWm4WDdF6LFUde3Jl8WzPA+3ZbxYqkC6xAXuD3irdEHN1k0NfTRrJD8ZD378SJ61miMLCqIOXYhd8x+AJQ==}
    engines: {node: '>=6.9.0'}
    dependencies:
      regenerator-runtime: 0.13.11
    dev: false

  /@radix-ui/primitive@1.0.1:
    resolution: {integrity: sha512-yQ8oGX9Ug2/nQQ+ZZW5D0V+PrTRNfqCGb4g0UD/6fcxGkTJBo/5pPKnhxWxXhqVhCnNvwDGkZUkBRDLTqBIxXA==}
    dev: false

  /@radix-ui/react-compose-refs@1.0.1(react@18.2.0):
    resolution: {integrity: sha512-fDSBgd44FKHa1FRMU59qBMPFcl2PZE+2nmqunj+BWFyYYjnhIDWL2ItDs3rrbJDQOtzt5nR5zfvMx9LgvCdR0A==}
    peerDependencies:
      react: ^16.8 || ^17.0 || ^18.0
    dependencies:
      '@babel/runtime': 7.22.6
      react: 18.2.0
    dev: false

  /@radix-ui/react-context@1.0.1(react@18.2.0):
    resolution: {integrity: sha512-eabfX85BaEIvUvP8Zv2R1VKmYZzKKtpq3UMD4UQtC0Ll8Xjj2vcu55vlDVQcgMR4HfZGz6vp/ZkKEWRZQZXNjw==}
    peerDependencies:
      react: ^16.8 || ^17.0 || ^18.0
    dependencies:
      '@babel/runtime': 7.22.6
      react: 18.2.0
    dev: false

  /@radix-ui/react-presence@1.0.1(react-dom@18.2.0)(react@18.2.0):
    resolution: {integrity: sha512-5qx7TDz+0tYYYCyNBwWKNs8NI1wZCvuqSrfTQBi3ufCLjUK2Nf2+vqXqxGAa9RUwWLVpr+0XZZvXOLDzZNJMxQ==}
    peerDependencies:
      react: ^16.8 || ^17.0 || ^18.0
      react-dom: ^16.8 || ^17.0 || ^18.0
    dependencies:
      '@babel/runtime': 7.22.6
      '@radix-ui/react-compose-refs': 1.0.1(react@18.2.0)
      '@radix-ui/react-use-layout-effect': 1.0.1(react@18.2.0)
      react: 18.2.0
      react-dom: 18.2.0(react@18.2.0)
    dev: false

  /@radix-ui/react-primitive@1.0.3(react-dom@18.2.0)(react@18.2.0):
    resolution: {integrity: sha512-Q2OgUAL/Dz7Xjy+RaHRlYLJK+zt0n+OILbXhq+nLu0CWff5I3OKKwKlXUYQ/nZFEJ4+Exk8bZmvTtdZvTbHZZA==}
    peerDependencies:
      react: ^16.8 || ^17.0 || ^18.0
      react-dom: ^16.8 || ^17.0 || ^18.0
    dependencies:
      '@babel/runtime': 7.22.6
      '@radix-ui/react-slot': 1.0.2(react@18.2.0)
      react: 18.2.0
      react-dom: 18.2.0(react@18.2.0)
    dev: false

  /@radix-ui/react-progress@1.0.3(react-dom@18.2.0)(react@18.2.0):
    resolution: {integrity: sha512-/Xz0KZdkqVlmgJLQXXFxRDVKYhDMKVFzgUZJKPKVLAZXXCHVxqFBXBXXCZZYXBhNZlKlLZLJZXwLWwqbCZvHlQ==}
    peerDependencies:
      react: ^16.8 || ^17.0 || ^18.0
      react-dom: ^16.8 || ^17.0 || ^18.0
    dependencies:
      '@babel/runtime': 7.22.6
      '@radix-ui/primitive': 1.0.1
      '@radix-ui/react-context': 1.0.1(react@18.2.0)
      '@radix-ui/react-presence': 1.0.1(react-dom@18.2.0)(react@18.2.0)
      '@radix-ui/react-primitive': 1.0.3(react-dom@18.2.0)(react@18.2.0)
      react: 18.2.0
      react-dom: 18.2.0(react@18.2.0)
    dev: false

  /@radix-ui/react-slot@1.0.2(react@18.2.0):
    resolution: {integrity: sha512-YeTpuq4deV+6DusvVUW4ivBgnkHwECUu0BiN13UGSOvkKODVoW1yuQfxcFb0Wc9XF/4hxT2NGzaW/Jj2bCjR7w==}
    peerDependencies:
      react: ^16.8 || ^17.0 || ^18.0
    dependencies:
      '@babel/runtime': 7.22.6
      '@radix-ui/react-compose-refs': 1.0.1(react@18.2.0)
      react: 18.2.0
    dev: false

  /@radix-ui/react-use-layout-effect@1.0.1(react@18.2.0):
    resolution: {integrity: sha512-nW6UVCiLgbqHqQ9mQd9tHPAHnQfZjbKNERlA7W9Kc93jZfFl/sTlcIHLGvWtj4nYTXRfmTGmSP/vZGLFDSrfA==}
    peerDependencies:
      react: ^16.8 || ^17.0 || ^18.0
    dependencies:
      '@babel/runtime': 7.22.6
      react: 18.2.0
    dev: false

  /react-dom@18.2.0(react@18.2.0):
    resolution: {integrity: sha512-6IMTriUmvsjHUjNtEDudZfuDQUoWXVxKHhlEGSk81n4YFS+r/Kl99wXiwlVXtPBtJenozv2P+hxDsw9eA7Xo6g==}
    peerDependencies:
      react: ^18.2.0
    dependencies:
      loose-envify: 1.4.0
      react: 18.2.0
      scheduler: 0.23.0
    dev: false

  /react@18.2.0:
    resolution: {integrity: sha512-/3IjMdb2L9QbBdWiW5e3P2/npwMBaU9mHCSCUzNln0ZCYbcfTsGbTJrU/kGemdH2IWmB2ioZ+zkxtmq6g09fGQ==}
    engines: {node: '>=0.10.0'}
    dependencies:
      loose-envify: 1.4.0
    dev: false

  /regenerator-runtime@0.13.11:
    resolution: {integrity: sha512-kY1AZVr2Ra+t+piVaJ4gxaFaReZVH40AKNo7UCX6W+dEwBo/2oZJzqfuN1qLq1oL45o56cPaTXELwrTh8Fpggg==}
    dev: false

  /scheduler@0.23.0:
    resolution: {integrity: sha512-CtuThmgHNg7zIZWAXi3AsyIzA3n4xx7aNyjwC2VJldO2LMVDhFK+63xGqq6CsJH4rTAt6/M+N4GhZiDYPx9eUw==}
    dependencies:
      loose-envify: 1.4.0
    dev: false

  /loose-envify@1.4.0:
    resolution: {integrity: sha512-lyuxPGr/Wfhrlem2CL/UcnUc1zcqKAImBDzukY7Y5F/yQiNdko6+fRLevlw1HgMySw7f611UIY408EtxRSoK3Q==}
    hasBin: true
    dependencies:
      js-tokens: ^3.0.0 || ^4.0.0
    dev: false

  /js-tokens@4.0.0:
    resolution: {integrity: sha512-RdJUflcE3cUzKiMqQgsCu06FPu9UdIJO0beYbPhHN4k6apgJtifcoCtT9bcxOpYBtpD2kCM6Sbzg4CausW/PKQ==}
    dev: false
